
Microsoft Visual Studio Solution File, Format Version 12.00
# Visual Studio 15
VisualStudioVersion = 15.0.27703.2000
MinimumVisualStudioVersion = 10.0.40219.1
Project("{9A19103F-16F7-4668-BE54-9A1E7A4F7556}") = "NullableReferenceTypes", "NullableReferenceTypes.csproj", "{FEE8EEB0-687B-4F75-950F-FD9C4068F7A1}"
EndProject
Global
	GlobalSection(SolutionConfigurationPlatforms) = preSolution
		Debug|Any CPU = Debug|Any CPU
		Release|Any CPU = Release|Any CPU
	EndGlobalSection
	GlobalSection(ProjectConfigurationPlatforms) = postSolution
		{FEE8EEB0-687B-4F75-950F-FD9C4068F7A1}.Debug|Any CPU.ActiveCfg = Debug|Any CPU
		{FEE8EEB0-687B-4F75-950F-FD9C4068F7A1}.Debug|Any CPU.Build.0 = Debug|Any CPU
		{FEE8EEB0-687B-4F75-950F-FD9C4068F7A1}.Release|Any CPU.ActiveCfg = Release|Any CPU
		{FEE8EEB0-687B-4F75-950F-FD9C4068F7A1}.Release|Any CPU.Build.0 = Release|Any CPU
	EndGlobalSection
	GlobalSection(SolutionProperties) = preSolution
		HideSolutionNode = FALSE
	EndGlobalSection
	GlobalSection(ExtensibilityGlobals) = postSolution
		SolutionGuid = {B1745E55-FD56-4372-93B7-B7055DE1FA59}
	EndGlobalSection
EndGlobal
